
Microsoft Visual Studio Solution File, Format Version 12.00
# Visual Studio Version 17
VisualStudioVersion = 17.9.34728.123
MinimumVisualStudioVersion = 10.0.40219.1
Project("{9A19103F-16F7-4668-BE54-9A1E7A4F7556}") = "SocialPlatform.Domain", "SocialPlatform.Domain\SocialPlatform.Domain.csproj", "{9FDD3204-3B8F-445B-8FAC-FE3D39FFB94F}"
EndProject
Project("{9A19103F-16F7-4668-BE54-9A1E7A4F7556}") = "SocialPlatform.DataAccess", "SocialPlatform.DataAccess\SocialPlatform.DataAccess.csproj", "{1C40CCD6-32A0-421D-8077-69C4FC4AAFE6}"
EndProject
Project("{9A19103F-16F7-4668-BE54-9A1E7A4F7556}") = "SocialPlatform.Application", "SocialPlatform.Application\SocialPlatform.Application.csproj", "{DC91AA68-9754-4AE4-BC90-C408F986FAB1}"
EndProject
Project("{9A19103F-16F7-4668-BE54-9A1E7A4F7556}") = "SocialPlatform.Implementation", "SocialPlatform.Implementation\SocialPlatform.Implementation.csproj", "{E54928B2-9AB3-4068-917C-CAEA913068C7}"
EndProject
Project("{FAE04EC0-301F-11D3-BF4B-00C04F79EFBC}") = "SocialPlatform.API", "SocialPlatform.API\SocialPlatform.API.csproj", "{ACBC6F47-93AD-4DCA-92C4-39EC90B2F4B0}"
EndProject
Global
	GlobalSection(SolutionConfigurationPlatforms) = preSolution
		Debug|Any CPU = Debug|Any CPU
		Release|Any CPU = Release|Any CPU
	EndGlobalSection
	GlobalSection(ProjectConfigurationPlatforms) = postSolution
		{9FDD3204-3B8F-445B-8FAC-FE3D39FFB94F}.Debug|Any CPU.ActiveCfg = Debug|Any CPU
		{9FDD3204-3B8F-445B-8FAC-FE3D39FFB94F}.Debug|Any CPU.Build.0 = Debug|Any CPU
		{9FDD3204-3B8F-445B-8FAC-FE3D39FFB94F}.Release|Any CPU.ActiveCfg = Release|Any CPU
		{9FDD3204-3B8F-445B-8FAC-FE3D39FFB94F}.Release|Any CPU.Build.0 = Release|Any CPU
		{1C40CCD6-32A0-421D-8077-69C4FC4AAFE6}.Debug|Any CPU.ActiveCfg = Debug|Any CPU
		{1C40CCD6-32A0-421D-8077-69C4FC4AAFE6}.Debug|Any CPU.Build.0 = Debug|Any CPU
		{1C40CCD6-32A0-421D-8077-69C4FC4AAFE6}.Release|Any CPU.ActiveCfg = Release|Any CPU
		{1C40CCD6-32A0-421D-8077-69C4FC4AAFE6}.Release|Any CPU.Build.0 = Release|Any CPU
		{DC91AA68-9754-4AE4-BC90-C408F986FAB1}.Debug|Any CPU.ActiveCfg = Debug|Any CPU
		{DC91AA68-9754-4AE4-BC90-C408F986FAB1}.Debug|Any CPU.Build.0 = Debug|Any CPU
		{DC91AA68-9754-4AE4-BC90-C408F986FAB1}.Release|Any CPU.ActiveCfg = Release|Any CPU
		{DC91AA68-9754-4AE4-BC90-C408F986FAB1}.Release|Any CPU.Build.0 = Release|Any CPU
		{E54928B2-9AB3-4068-917C-CAEA913068C7}.Debug|Any CPU.ActiveCfg = Debug|Any CPU
		{E54928B2-9AB3-4068-917C-CAEA913068C7}.Debug|Any CPU.Build.0 = Debug|Any CPU
		{E54928B2-9AB3-4068-917C-CAEA913068C7}.Release|Any CPU.ActiveCfg = Release|Any CPU
		{E54928B2-9AB3-4068-917C-CAEA913068C7}.Release|Any CPU.Build.0 = Release|Any CPU
		{ACBC6F47-93AD-4DCA-92C4-39EC90B2F4B0}.Debug|Any CPU.ActiveCfg = Debug|Any CPU
		{ACBC6F47-93AD-4DCA-92C4-39EC90B2F4B0}.Debug|Any CPU.Build.0 = Debug|Any CPU
		{ACBC6F47-93AD-4DCA-92C4-39EC90B2F4B0}.Release|Any CPU.ActiveCfg = Release|Any CPU
		{ACBC6F47-93AD-4DCA-92C4-39EC90B2F4B0}.Release|Any CPU.Build.0 = Release|Any CPU
	EndGlobalSection
	GlobalSection(SolutionProperties) = preSolution
		HideSolutionNode = FALSE
	EndGlobalSection
	GlobalSection(ExtensibilityGlobals) = postSolution
		SolutionGuid = {0EC8C512-FE53-4B6B-BDFC-60F690125A89}
	EndGlobalSection
EndGlobal
